
Microsoft Visual Studio Solution File, Format Version 12.00
# Visual Studio Version 17
VisualStudioVersion = 17.0.31903.59
MinimumVisualStudioVersion = 10.0.40219.1
Project("{FAE04EC0-301F-11D3-BF4B-00C04F79EFBC}") = "TAML.Core", "TAML.Core\TAML.Core.csproj", "{722FBA67-0AD0-4915-AD82-243BD777DFF1}"
EndProject
Project("{FAE04EC0-301F-11D3-BF4B-00C04F79EFBC}") = "TAML.Tests", "TAML.Tests\TAML.Tests.csproj", "{4C415554-4B82-4E30-B8B5-F344A60B4CB6}"
EndProject
Project("{FAE04EC0-301F-11D3-BF4B-00C04F79EFBC}") = "TAML.Configuration", "TAML.Configuration\TAML.Configuration.csproj", "{FB989D73-9365-4F81-87A1-8F7B42A6EA6D}"
EndProject
Project("{FAE04EC0-301F-11D3-BF4B-00C04F79EFBC}") = "TAML.CLI", "TAML.CLI\TAML.CLI.csproj", "{80BDE418-7C18-4BA7-9826-5889ED8F6996}"
EndProject
Global
	GlobalSection(SolutionConfigurationPlatforms) = preSolution
		Debug|Any CPU = Debug|Any CPU
		Debug|x64 = Debug|x64
		Debug|x86 = Debug|x86
		Release|Any CPU = Release|Any CPU
		Release|x64 = Release|x64
		Release|x86 = Release|x86
	EndGlobalSection
	GlobalSection(ProjectConfigurationPlatforms) = postSolution
		{722FBA67-0AD0-4915-AD82-243BD777DFF1}.Debug|Any CPU.ActiveCfg = Debug|Any CPU
		{722FBA67-0AD0-4915-AD82-243BD777DFF1}.Debug|Any CPU.Build.0 = Debug|Any CPU
		{722FBA67-0AD0-4915-AD82-243BD777DFF1}.Debug|x64.ActiveCfg = Debug|Any CPU
		{722FBA67-0AD0-4915-AD82-243BD777DFF1}.Debug|x64.Build.0 = Debug|Any CPU
		{722FBA67-0AD0-4915-AD82-243BD777DFF1}.Debug|x86.ActiveCfg = Debug|Any CPU
		{722FBA67-0AD0-4915-AD82-243BD777DFF1}.Debug|x86.Build.0 = Debug|Any CPU
		{722FBA67-0AD0-4915-AD82-243BD777DFF1}.Release|Any CPU.ActiveCfg = Release|Any CPU
		{722FBA67-0AD0-4915-AD82-243BD777DFF1}.Release|Any CPU.Build.0 = Release|Any CPU
		{722FBA67-0AD0-4915-AD82-243BD777DFF1}.Release|x64.ActiveCfg = Release|Any CPU
		{722FBA67-0AD0-4915-AD82-243BD777DFF1}.Release|x64.Build.0 = Release|Any CPU
		{722FBA67-0AD0-4915-AD82-243BD777DFF1}.Release|x86.ActiveCfg = Release|Any CPU
		{722FBA67-0AD0-4915-AD82-243BD777DFF1}.Release|x86.Build.0 = Release|Any CPU
		{4C415554-4B82-4E30-B8B5-F344A60B4CB6}.Debug|Any CPU.ActiveCfg = Debug|Any CPU
		{4C415554-4B82-4E30-B8B5-F344A60B4CB6}.Debug|Any CPU.Build.0 = Debug|Any CPU
		{4C415554-4B82-4E30-B8B5-F344A60B4CB6}.Debug|x64.ActiveCfg = Debug|Any CPU
		{4C415554-4B82-4E30-B8B5-F344A60B4CB6}.Debug|x64.Build.0 = Debug|Any CPU
		{4C415554-4B82-4E30-B8B5-F344A60B4CB6}.Debug|x86.ActiveCfg = Debug|Any CPU
		{4C415554-4B82-4E30-B8B5-F344A60B4CB6}.Debug|x86.Build.0 = Debug|Any CPU
		{4C415554-4B82-4E30-B8B5-F344A60B4CB6}.Release|Any CPU.ActiveCfg = Release|Any CPU
		{4C415554-4B82-4E30-B8B5-F344A60B4CB6}.Release|Any CPU.Build.0 = Release|Any CPU
		{4C415554-4B82-4E30-B8B5-F344A60B4CB6}.Release|x64.ActiveCfg = Release|Any CPU
		{4C415554-4B82-4E30-B8B5-F344A60B4CB6}.Release|x64.Build.0 = Release|Any CPU
		{4C415554-4B82-4E30-B8B5-F344A60B4CB6}.Release|x86.ActiveCfg = Release|Any CPU
		{4C415554-4B82-4E30-B8B5-F344A60B4CB6}.Release|x86.Build.0 = Release|Any CPU
		{FB989D73-9365-4F81-87A1-8F7B42A6EA6D}.Debug|Any CPU.ActiveCfg = Debug|Any CPU
		{FB989D73-9365-4F81-87A1-8F7B42A6EA6D}.Debug|Any CPU.Build.0 = Debug|Any CPU
		{FB989D73-9365-4F81-87A1-8F7B42A6EA6D}.Debug|x64.ActiveCfg = Debug|Any CPU
		{FB989D73-9365-4F81-87A1-8F7B42A6EA6D}.Debug|x64.Build.0 = Debug|Any CPU
		{FB989D73-9365-4F81-87A1-8F7B42A6EA6D}.Debug|x86.ActiveCfg = Debug|Any CPU
		{FB989D73-9365-4F81-87A1-8F7B42A6EA6D}.Debug|x86.Build.0 = Debug|Any CPU
		{FB989D73-9365-4F81-87A1-8F7B42A6EA6D}.Release|Any CPU.ActiveCfg = Release|Any CPU
		{FB989D73-9365-4F81-87A1-8F7B42A6EA6D}.Release|Any CPU.Build.0 = Release|Any CPU
		{FB989D73-9365-4F81-87A1-8F7B42A6EA6D}.Release|x64.ActiveCfg = Release|Any CPU
		{FB989D73-9365-4F81-87A1-8F7B42A6EA6D}.Release|x64.Build.0 = Release|Any CPU
		{FB989D73-9365-4F81-87A1-8F7B42A6EA6D}.Release|x86.ActiveCfg = Release|Any CPU
		{FB989D73-9365-4F81-87A1-8F7B42A6EA6D}.Release|x86.Build.0 = Release|Any CPU
		{80BDE418-7C18-4BA7-9826-5889ED8F6996}.Debug|Any CPU.ActiveCfg = Debug|Any CPU
		{80BDE418-7C18-4BA7-9826-5889ED8F6996}.Debug|Any CPU.Build.0 = Debug|Any CPU
		{80BDE418-7C18-4BA7-9826-5889ED8F6996}.Debug|x64.ActiveCfg = Debug|Any CPU
		{80BDE418-7C18-4BA7-9826-5889ED8F6996}.Debug|x64.Build.0 = Debug|Any CPU
		{80BDE418-7C18-4BA7-9826-5889ED8F6996}.Debug|x86.ActiveCfg = Debug|Any CPU
		{80BDE418-7C18-4BA7-9826-5889ED8F6996}.Debug|x86.Build.0 = Debug|Any CPU
		{80BDE418-7C18-4BA7-9826-5889ED8F6996}.Release|Any CPU.ActiveCfg = Release|Any CPU
		{80BDE418-7C18-4BA7-9826-5889ED8F6996}.Release|Any CPU.Build.0 = Release|Any CPU
		{80BDE418-7C18-4BA7-9826-5889ED8F6996}.Release|x64.ActiveCfg = Release|Any CPU
		{80BDE418-7C18-4BA7-9826-5889ED8F6996}.Release|x64.Build.0 = Release|Any CPU
		{80BDE418-7C18-4BA7-9826-5889ED8F6996}.Release|x86.ActiveCfg = Release|Any CPU
		{80BDE418-7C18-4BA7-9826-5889ED8F6996}.Release|x86.Build.0 = Release|Any CPU
	EndGlobalSection
	GlobalSection(SolutionProperties) = preSolution
		HideSolutionNode = FALSE
	EndGlobalSection
EndGlobal
